
Microsoft Visual Studio Solution File, Format Version 12.00
# Visual Studio Version 17
VisualStudioVersion = 17.4.33027.239
MinimumVisualStudioVersion = 10.0.40219.1
Project("{FAE04EC0-301F-11D3-BF4B-00C04F79EFBC}") = "Pizza", "Pizza.csproj", "{356AD996-A91E-4AA8-97E0-DBCC83E48C0A}"
EndProject
Global
	GlobalSection(SolutionConfigurationPlatforms) = preSolution
		Debug|Any CPU = Debug|Any CPU
		Release|Any CPU = Release|Any CPU
	EndGlobalSection
	GlobalSection(ProjectConfigurationPlatforms) = postSolution
		{356AD996-A91E-4AA8-97E0-DBCC83E48C0A}.Debug|Any CPU.ActiveCfg = Debug|Any CPU
		{356AD996-A91E-4AA8-97E0-DBCC83E48C0A}.Debug|Any CPU.Build.0 = Debug|Any CPU
		{356AD996-A91E-4AA8-97E0-DBCC83E48C0A}.Release|Any CPU.ActiveCfg = Release|Any CPU
		{356AD996-A91E-4AA8-97E0-DBCC83E48C0A}.Release|Any CPU.Build.0 = Release|Any CPU
	EndGlobalSection
	GlobalSection(SolutionProperties) = preSolution
		HideSolutionNode = FALSE
	EndGlobalSection
	GlobalSection(ExtensibilityGlobals) = postSolution
		SolutionGuid = {4A82A0E7-7662-4241-94C0-F3FE2D20855C}
	EndGlobalSection
EndGlobal
